// !$*UTF8*$!
{
	archiveVersion = 1;
	classes = {
	};
	objectVersion = 46;
	objects = {

/* Begin PBXBuildFile section */
		C85A3AD71B14747D00CFA3B0 /* main.m in Sources */ = {isa = PBXBuildFile; fileRef = C85A3AD61B14747D00CFA3B0 /* main.m */; };
		C85A3ADA1B14747D00CFA3B0 /* AppDelegate.m in Sources */ = {isa = PBXBuildFile; fileRef = C85A3AD91B14747D00CFA3B0 /* AppDelegate.m */; };
		C85A3ADD1B14747D00CFA3B0 /* ViewController.m in Sources */ = {isa = PBXBuildFile; fileRef = C85A3ADC1B14747D00CFA3B0 /* ViewController.m */; };
		C85A3AE01B14747D00CFA3B0 /* Main.storyboard in Resources */ = {isa = PBXBuildFile; fileRef = C85A3ADE1B14747D00CFA3B0 /* Main.storyboard */; };
		C85A3AE21B14747D00CFA3B0 /* Images.xcassets in Resources */ = {isa = PBXBuildFile; fileRef = C85A3AE11B14747D00CFA3B0 /* Images.xcassets */; };
		C85A3AE51B14747D00CFA3B0 /* LaunchScreen.xib in Resources */ = {isa = PBXBuildFile; fileRef = C85A3AE31B14747D00CFA3B0 /* LaunchScreen.xib */; };
		C85A3AF11B14747D00CFA3B0 /* SLCalendarTests.m in Sources */ = {isa = PBXBuildFile; fileRef = C85A3AF01B14747D00CFA3B0 /* SLCalendarTests.m */; };
		C8CE11981B19F26B00FA2BD3 /* SLCalendar.m in Sources */ = {isa = PBXBuildFile; fileRef = C8CE118B1B19F26B00FA2BD3 /* SLCalendar.m */; };
		C8CE11991B19F26B00FA2BD3 /* SLCalendar.xib in Resources */ = {isa = PBXBuildFile; fileRef = C8CE118C1B19F26B00FA2BD3 /* SLCalendar.xib */; };
		C8CE119A1B19F26B00FA2BD3 /* SLCalendarCollectionCell.m in Sources */ = {isa = PBXBuildFile; fileRef = C8CE118E1B19F26B00FA2BD3 /* SLCalendarCollectionCell.m */; };
		C8CE119B1B19F26B00FA2BD3 /* SLCalendarCollectionCell.xib in Resources */ = {isa = PBXBuildFile; fileRef = C8CE118F1B19F26B00FA2BD3 /* SLCalendarCollectionCell.xib */; };
		C8CE119C1B19F26B00FA2BD3 /* SLCalendarCollectionHeaderView.m in Sources */ = {isa = PBXBuildFile; fileRef = C8CE11911B19F26B00FA2BD3 /* SLCalendarCollectionHeaderView.m */; };
		C8CE119D1B19F26B00FA2BD3 /* SLCalendarCollectionHeaderView.xib in Resources */ = {isa = PBXBuildFile; fileRef = C8CE11921B19F26B00FA2BD3 /* SLCalendarCollectionHeaderView.xib */; };
		C8CE119E1B19F26B00FA2BD3 /* SLCalendarRange.m in Sources */ = {isa = PBXBuildFile; fileRef = C8CE11951B19F26B00FA2BD3 /* SLCalendarRange.m */; };
		C8CE119F1B19F26B00FA2BD3 /* SLDateHelper.m in Sources */ = {isa = PBXBuildFile; fileRef = C8CE11971B19F26B00FA2BD3 /* SLDateHelper.m */; };
/* End PBXBuildFile section */

/* Begin PBXContainerItemProxy section */
		C85A3AEB1B14747D00CFA3B0 /* PBXContainerItemProxy */ = {
			isa = PBXContainerItemProxy;
			containerPortal = C85A3AC91B14747D00CFA3B0 /* Project object */;
			proxyType = 1;
			remoteGlobalIDString = C85A3AD01B14747D00CFA3B0;
			remoteInfo = SLCalendar;
		};
/* End PBXContainerItemProxy section */

/* Begin PBXFileReference section */
		C85A3AD11B14747D00CFA3B0 /* SLCalendar.app */ = {isa = PBXFileReference; explicitFileType = wrapper.application; includeInIndex = 0; path = SLCalendar.app; sourceTree = BUILT_PRODUCTS_DIR; };
		C85A3AD51B14747D00CFA3B0 /* Info.plist */ = {isa = PBXFileReference; lastKnownFileType = text.plist.xml; path = Info.plist; sourceTree = "<group>"; };
		C85A3AD61B14747D00CFA3B0 /* main.m */ = {isa = PBXFileReference; lastKnownFileType = sourcecode.c.objc; path = main.m; sourceTree = "<group>"; };
		C85A3AD81B14747D00CFA3B0 /* AppDelegate.h */ = {isa = PBXFileReference; lastKnownFileType = sourcecode.c.h; path = AppDelegate.h; sourceTree = "<group>"; };
		C85A3AD91B14747D00CFA3B0 /* AppDelegate.m */ = {isa = PBXFileReference; lastKnownFileType = sourcecode.c.objc; path = AppDelegate.m; sourceTree = "<group>"; };
		C85A3ADB1B14747D00CFA3B0 /* ViewController.h */ = {isa = PBXFileReference; lastKnownFileType = sourcecode.c.h; path = ViewController.h; sourceTree = "<group>"; };
		C85A3ADC1B14747D00CFA3B0 /* ViewController.m */ = {isa = PBXFileReference; lastKnownFileType = sourcecode.c.objc; path = ViewController.m; sourceTree = "<group>"; };
		C85A3ADF1B14747D00CFA3B0 /* Base */ = {isa = PBXFileReference; lastKnownFileType = file.storyboard; name = Base; path = Base.lproj/Main.storyboard; sourceTree = "<group>"; };
		C85A3AE11B14747D00CFA3B0 /* Images.xcassets */ = {isa = PBXFileReference; lastKnownFileType = folder.assetcatalog; path = Images.xcassets; sourceTree = "<group>"; };
		C85A3AE41B14747D00CFA3B0 /* Base */ = {isa = PBXFileReference; lastKnownFileType = file.xib; name = Base; path = Base.lproj/LaunchScreen.xib; sourceTree = "<group>"; };
		C85A3AEA1B14747D00CFA3B0 /* SLCalendarTests.xctest */ = {isa = PBXFileReference; explicitFileType = wrapper.cfbundle; includeInIndex = 0; path = SLCalendarTests.xctest; sourceTree = BUILT_PRODUCTS_DIR; };
		C85A3AEF1B14747D00CFA3B0 /* Info.plist */ = {isa = PBXFileReference; lastKnownFileType = text.plist.xml; path = Info.plist; sourceTree = "<group>"; };
		C85A3AF01B14747D00CFA3B0 /* SLCalendarTests.m */ = {isa = PBXFileReference; lastKnownFileType = sourcecode.c.objc; path = SLCalendarTests.m; sourceTree = "<group>"; };
		C8CE118A1B19F26B00FA2BD3 /* SLCalendar.h */ = {isa = PBXFileReference; fileEncoding = 4; lastKnownFileType = sourcecode.c.h; path = SLCalendar.h; sourceTree = "<group>"; };
		C8CE118B1B19F26B00FA2BD3 /* SLCalendar.m */ = {isa = PBXFileReference; fileEncoding = 4; lastKnownFileType = sourcecode.c.objc; path = SLCalendar.m; sourceTree = "<group>"; };
		C8CE118C1B19F26B00FA2BD3 /* SLCalendar.xib */ = {isa = PBXFileReference; fileEncoding = 4; lastKnownFileType = file.xib; path = SLCalendar.xib; sourceTree = "<group>"; };
		C8CE118D1B19F26B00FA2BD3 /* SLCalendarCollectionCell.h */ = {isa = PBXFileReference; fileEncoding = 4; lastKnownFileType = sourcecode.c.h; path = SLCalendarCollectionCell.h; sourceTree = "<group>"; };
		C8CE118E1B19F26B00FA2BD3 /* SLCalendarCollectionCell.m */ = {isa = PBXFileReference; fileEncoding = 4; lastKnownFileType = sourcecode.c.objc; path = SLCalendarCollectionCell.m; sourceTree = "<group>"; };
		C8CE118F1B19F26B00FA2BD3 /* SLCalendarCollectionCell.xib */ = {isa = PBXFileReference; fileEncoding = 4; lastKnownFileType = file.xib; path = SLCalendarCollectionCell.xib; sourceTree = "<group>"; };
		C8CE11901B19F26B00FA2BD3 /* SLCalendarCollectionHeaderView.h */ = {isa = PBXFileReference; fileEncoding = 4; lastKnownFileType = sourcecode.c.h; path = SLCalendarCollectionHeaderView.h; sourceTree = "<group>"; };
		C8CE11911B19F26B00FA2BD3 /* SLCalendarCollectionHeaderView.m */ = {isa = PBXFileReference; fileEncoding = 4; lastKnownFileType = sourcecode.c.objc; path = SLCalendarCollectionHeaderView.m; sourceTree = "<group>"; };
		C8CE11921B19F26B00FA2BD3 /* SLCalendarCollectionHeaderView.xib */ = {isa = PBXFileReference; fileEncoding = 4; lastKnownFileType = file.xib; path = SLCalendarCollectionHeaderView.xib; sourceTree = "<group>"; };
		C8CE11931B19F26B00FA2BD3 /* SLCalendarDefine.h */ = {isa = PBXFileReference; fileEncoding = 4; lastKnownFileType = sourcecode.c.h; path = SLCalendarDefine.h; sourceTree = "<group>"; };
		C8CE11941B19F26B00FA2BD3 /* SLCalendarRange.h */ = {isa = PBXFileReference; fileEncoding = 4; lastKnownFileType = sourcecode.c.h; path = SLCalendarRange.h; sourceTree = "<group>"; };
		C8CE11951B19F26B00FA2BD3 /* SLCalendarRange.m */ = {isa = PBXFileReference; fileEncoding = 4; lastKnownFileType = sourcecode.c.objc; path = SLCalendarRange.m; sourceTree = "<group>"; };
		C8CE11961B19F26B00FA2BD3 /* SLDateHelper.h */ = {isa = PBXFileReference; fileEncoding = 4; lastKnownFileType = sourcecode.c.h; path = SLDateHelper.h; sourceTree = "<group>"; };
		C8CE11971B19F26B00FA2BD3 /* SLDateHelper.m */ = {isa = PBXFileReference; fileEncoding = 4; lastKnownFileType = sourcecode.c.objc; path = SLDateHelper.m; sourceTree = "<group>"; };
/* End PBXFileReference section */

/* Begin PBXFrameworksBuildPhase section */
		C85A3ACE1B14747D00CFA3B0 /* Frameworks */ = {
			isa = PBXFrameworksBuildPhase;
			buildActionMask = 2147483647;
			files = (
			);
			runOnlyForDeploymentPostprocessing = 0;
		};
		C85A3AE71B14747D00CFA3B0 /* Frameworks */ = {
			isa = PBXFrameworksBuildPhase;
			buildActionMask = 2147483647;
			files = (
			);
			runOnlyForDeploymentPostprocessing = 0;
		};
/* End PBXFrameworksBuildPhase section */

/* Begin PBXGroup section */
		C85A3AC81B14747D00CFA3B0 = {
			isa = PBXGroup;
			children = (
				C85A3AD31B14747D00CFA3B0 /* SLCalendar */,
				C85A3AED1B14747D00CFA3B0 /* SLCalendarTests */,
				C85A3AD21B14747D00CFA3B0 /* Products */,
			);
			sourceTree = "<group>";
		};
		C85A3AD21B14747D00CFA3B0 /* Products */ = {
			isa = PBXGroup;
			children = (
				C85A3AD11B14747D00CFA3B0 /* SLCalendar.app */,
				C85A3AEA1B14747D00CFA3B0 /* SLCalendarTests.xctest */,
			);
			name = Products;
			sourceTree = "<group>";
		};
		C85A3AD31B14747D00CFA3B0 /* SLCalendar */ = {
			isa = PBXGroup;
			children = (
				C8CE11891B19F26B00FA2BD3 /* Calendar */,
				C85A3AD81B14747D00CFA3B0 /* AppDelegate.h */,
				C85A3AD91B14747D00CFA3B0 /* AppDelegate.m */,
				C85A3ADB1B14747D00CFA3B0 /* ViewController.h */,
				C85A3ADC1B14747D00CFA3B0 /* ViewController.m */,
				C85A3ADE1B14747D00CFA3B0 /* Main.storyboard */,
				C85A3AE11B14747D00CFA3B0 /* Images.xcassets */,
				C85A3AE31B14747D00CFA3B0 /* LaunchScreen.xib */,
				C85A3AD41B14747D00CFA3B0 /* Supporting Files */,
			);
			path = SLCalendar;
			sourceTree = "<group>";
		};
		C85A3AD41B14747D00CFA3B0 /* Supporting Files */ = {
			isa = PBXGroup;
			children = (
				C85A3AD51B14747D00CFA3B0 /* Info.plist */,
				C85A3AD61B14747D00CFA3B0 /* main.m */,
			);
			name = "Supporting Files";
			sourceTree = "<group>";
		};
		C85A3AED1B14747D00CFA3B0 /* SLCalendarTests */ = {
			isa = PBXGroup;
			children = (
				C85A3AF01B14747D00CFA3B0 /* SLCalendarTests.m */,
				C85A3AEE1B14747D00CFA3B0 /* Supporting Files */,
			);
			path = SLCalendarTests;
			sourceTree = "<group>";
		};
		C85A3AEE1B14747D00CFA3B0 /* Supporting Files */ = {
			isa = PBXGroup;
			children = (
				C85A3AEF1B14747D00CFA3B0 /* Info.plist */,
			);
			name = "Supporting Files";
			sourceTree = "<group>";
		};
		C8CE11891B19F26B00FA2BD3 /* Calendar */ = {
			isa = PBXGroup;
			children = (
				C8CE118A1B19F26B00FA2BD3 /* SLCalendar.h */,
				C8CE118B1B19F26B00FA2BD3 /* SLCalendar.m */,
				C8CE118C1B19F26B00FA2BD3 /* SLCalendar.xib */,
				C8CE118D1B19F26B00FA2BD3 /* SLCalendarCollectionCell.h */,
				C8CE118E1B19F26B00FA2BD3 /* SLCalendarCollectionCell.m */,
				C8CE118F1B19F26B00FA2BD3 /* SLCalendarCollectionCell.xib */,
				C8CE11901B19F26B00FA2BD3 /* SLCalendarCollectionHeaderView.h */,
				C8CE11911B19F26B00FA2BD3 /* SLCalendarCollectionHeaderView.m */,
				C8CE11921B19F26B00FA2BD3 /* SLCalendarCollectionHeaderView.xib */,
				C8CE11931B19F26B00FA2BD3 /* SLCalendarDefine.h */,
				C8CE11941B19F26B00FA2BD3 /* SLCalendarRange.h */,
				C8CE11951B19F26B00FA2BD3 /* SLCalendarRange.m */,
				C8CE11961B19F26B00FA2BD3 /* SLDateHelper.h */,
				C8CE11971B19F26B00FA2BD3 /* SLDateHelper.m */,
			);
			path = Calendar;
			sourceTree = "<group>";
		};
/* End PBXGroup section */

/* Begin PBXNativeTarget section */
		C85A3AD01B14747D00CFA3B0 /* SLCalendar */ = {
			isa = PBXNativeTarget;
			buildConfigurationList = C85A3AF41B14747D00CFA3B0 /* Build configuration list for PBXNativeTarget "SLCalendar" */;
			buildPhases = (
				C85A3ACD1B14747D00CFA3B0 /* Sources */,
				C85A3ACE1B14747D00CFA3B0 /* Frameworks */,
				C85A3ACF1B14747D00CFA3B0 /* Resources */,
			);
			buildRules = (
			);
			dependencies = (
			);
			name = SLCalendar;
			productName = SLCalendar;
			productReference = C85A3AD11B14747D00CFA3B0 /* SLCalendar.app */;
			productType = "com.apple.product-type.application";
		};
		C85A3AE91B14747D00CFA3B0 /* SLCalendarTests */ = {
			isa = PBXNativeTarget;
			buildConfigurationList = C85A3AF71B14747D00CFA3B0 /* Build configuration list for PBXNativeTarget "SLCalendarTests" */;
			buildPhases = (
				C85A3AE61B14747D00CFA3B0 /* Sources */,
				C85A3AE71B14747D00CFA3B0 /* Frameworks */,
				C85A3AE81B14747D00CFA3B0 /* Resources */,
			);
			buildRules = (
			);
			dependencies = (
				C85A3AEC1B14747D00CFA3B0 /* PBXTargetDependency */,
			);
			name = SLCalendarTests;
			productName = SLCalendarTests;
			productReference = C85A3AEA1B14747D00CFA3B0 /* SLCalendarTests.xctest */;
			productType = "com.apple.product-type.bundle.unit-test";
		};
/* End PBXNativeTarget section */

/* Begin PBXProject section */
		C85A3AC91B14747D00CFA3B0 /* Project object */ = {
			isa = PBXProject;
			attributes = {
				LastUpgradeCheck = 0630;
				ORGANIZATIONNAME = dash;
				TargetAttributes = {
					C85A3AD01B14747D00CFA3B0 = {
						CreatedOnToolsVersion = 6.3.1;
					};
					C85A3AE91B14747D00CFA3B0 = {
						CreatedOnToolsVersion = 6.3.1;
						TestTargetID = C85A3AD01B14747D00CFA3B0;
					};
				};
			};
			buildConfigurationList = C85A3ACC1B14747D00CFA3B0 /* Build configuration list for PBXProject "SLCalendar" */;
			compatibilityVersion = "Xcode 3.2";
			developmentRegion = English;
			hasScannedForEncodings = 0;
			knownRegions = (
				en,
				Base,
			);
			mainGroup = C85A3AC81B14747D00CFA3B0;
			productRefGroup = C85A3AD21B14747D00CFA3B0 /* Products */;
			projectDirPath = "";
			projectRoot = "";
			targets = (
				C85A3AD01B14747D00CFA3B0 /* SLCalendar */,
				C85A3AE91B14747D00CFA3B0 /* SLCalendarTests */,
			);
		};
/* End PBXProject section */

/* Begin PBXResourcesBuildPhase section */
		C85A3ACF1B14747D00CFA3B0 /* Resources */ = {
			isa = PBXResourcesBuildPhase;
			buildActionMask = 2147483647;
			files = (
				C8CE11991B19F26B00FA2BD3 /* SLCalendar.xib in Resources */,
				C8CE119B1B19F26B00FA2BD3 /* SLCalendarCollectionCell.xib in Resources */,
				C85A3AE01B14747D00CFA3B0 /* Main.storyboard in Resources */,
				C85A3AE51B14747D00CFA3B0 /* LaunchScreen.xib in Resources */,
				C8CE119D1B19F26B00FA2BD3 /* SLCalendarCollectionHeaderView.xib in Resources */,
				C85A3AE21B14747D00CFA3B0 /* Images.xcassets in Resources */,
			);
			runOnlyForDeploymentPostprocessing = 0;
		};
		C85A3AE81B14747D00CFA3B0 /* Resources */ = {
			isa = PBXResourcesBuildPhase;
			buildActionMask = 2147483647;
			files = (
			);
			runOnlyForDeploymentPostprocessing = 0;
		};
/* End PBXResourcesBuildPhase section */

/* Begin PBXSourcesBuildPhase section */
		C85A3ACD1B14747D00CFA3B0 /* Sources */ = {
			isa = PBXSourcesBuildPhase;
			buildActionMask = 2147483647;
			files = (
				C8CE11981B19F26B00FA2BD3 /* SLCalendar.m in Sources */,
				C85A3ADD1B14747D00CFA3B0 /* ViewController.m in Sources */,
				C8CE119E1B19F26B00FA2BD3 /* SLCalendarRange.m in Sources */,
				C85A3ADA1B14747D00CFA3B0 /* AppDelegate.m in Sources */,
				C8CE119A1B19F26B00FA2BD3 /* SLCalendarCollectionCell.m in Sources */,
				C8CE119C1B19F26B00FA2BD3 /* SLCalendarCollectionHeaderView.m in Sources */,
				C8CE119F1B19F26B00FA2BD3 /* SLDateHelper.m in Sources */,
				C85A3AD71B14747D00CFA3B0 /* main.m in Sources */,
			);
			runOnlyForDeploymentPostprocessing = 0;
		};
		C85A3AE61B14747D00CFA3B0 /* Sources */ = {
			isa = PBXSourcesBuildPhase;
			buildActionMask = 2147483647;
			files = (
				C85A3AF11B14747D00CFA3B0 /* SLCalendarTests.m in Sources */,
			);
			runOnlyForDeploymentPostprocessing = 0;
		};
/* End PBXSourcesBuildPhase section */

/* Begin PBXTargetDependency section */
		C85A3AEC1B14747D00CFA3B0 /* PBXTargetDependency */ = {
			isa = PBXTargetDependency;
			target = C85A3AD01B14747D00CFA3B0 /* SLCalendar */;
			targetProxy = C85A3AEB1B14747D00CFA3B0 /* PBXContainerItemProxy */;
		};
/* End PBXTargetDependency section */

/* Begin PBXVariantGroup section */
		C85A3ADE1B14747D00CFA3B0 /* Main.storyboard */ = {
			isa = PBXVariantGroup;
			children = (
				C85A3ADF1B14747D00CFA3B0 /* Base */,
			);
			name = Main.storyboard;
			sourceTree = "<group>";
		};
		C85A3AE31B14747D00CFA3B0 /* LaunchScreen.xib */ = {
			isa = PBXVariantGroup;
			children = (
				C85A3AE41B14747D00CFA3B0 /* Base */,
			);
			name = LaunchScreen.xib;
			sourceTree = "<group>";
		};
/* End PBXVariantGroup section */

/* Begin XCBuildConfiguration section */
		C85A3AF21B14747D00CFA3B0 /* Debug */ = {
			isa = XCBuildConfiguration;
			buildSettings = {
				ALWAYS_SEARCH_USER_PATHS = NO;
				CLANG_CXX_LANGUAGE_STANDARD = "gnu++0x";
				CLANG_CXX_LIBRARY = "libc++";
				CLANG_ENABLE_MODULES = YES;
				CLANG_ENABLE_OBJC_ARC = YES;
				CLANG_WARN_BOOL_CONVERSION = YES;
				CLANG_WARN_CONSTANT_CONVERSION = YES;
				CLANG_WARN_DIRECT_OBJC_ISA_USAGE = YES_ERROR;
				CLANG_WARN_EMPTY_BODY = YES;
				CLANG_WARN_ENUM_CONVERSION = YES;
				CLANG_WARN_INT_CONVERSION = YES;
				CLANG_WARN_OBJC_ROOT_CLASS = YES_ERROR;
				CLANG_WARN_UNREACHABLE_CODE = YES;
				CLANG_WARN__DUPLICATE_METHOD_MATCH = YES;
				"CODE_SIGN_IDENTITY[sdk=iphoneos*]" = "iPhone Developer";
				COPY_PHASE_STRIP = NO;
				DEBUG_INFORMATION_FORMAT = "dwarf-with-dsym";
				ENABLE_STRICT_OBJC_MSGSEND = YES;
				GCC_C_LANGUAGE_STANDARD = gnu99;
				GCC_DYNAMIC_NO_PIC = NO;
				GCC_NO_COMMON_BLOCKS = YES;
				GCC_OPTIMIZATION_LEVEL = 0;
				GCC_PREPROCESSOR_DEFINITIONS = (
					"DEBUG=1",
					"$(inherited)",
				);
				GCC_SYMBOLS_PRIVATE_EXTERN = NO;
				GCC_WARN_64_TO_32_BIT_CONVERSION = YES;
				GCC_WARN_ABOUT_RETURN_TYPE = YES_ERROR;
				GCC_WARN_UNDECLARED_SELECTOR = YES;
				GCC_WARN_UNINITIALIZED_AUTOS = YES_AGGRESSIVE;
				GCC_WARN_UNUSED_FUNCTION = YES;
				GCC_WARN_UNUSED_VARIABLE = YES;
				IPHONEOS_DEPLOYMENT_TARGET = 8.3;
				MTL_ENABLE_DEBUG_INFO = YES;
				ONLY_ACTIVE_ARCH = YES;
				SDKROOT = iphoneos;
				TARGETED_DEVICE_FAMILY = "1,2";
			};
			name = Debug;
		};
		C85A3AF31B14747D00CFA3B0 /* Release */ = {
			isa = XCBuildConfiguration;
			buildSettings = {
				ALWAYS_SEARCH_USER_PATHS = NO;
				CLANG_CXX_LANGUAGE_STANDARD = "gnu++0x";
				CLANG_CXX_LIBRARY = "libc++";
				CLANG_ENABLE_MODULES = YES;
				CLANG_ENABLE_OBJC_ARC = YES;
				CLANG_WARN_BOOL_CONVERSION = YES;
				CLANG_WARN_CONSTANT_CONVERSION = YES;
				CLANG_WARN_DIRECT_OBJC_ISA_USAGE = YES_ERROR;
				CLANG_WARN_EMPTY_BODY = YES;
				CLANG_WARN_ENUM_CONVERSION = YES;
				CLANG_WARN_INT_CONVERSION = YES;
				CLANG_WARN_OBJC_ROOT_CLASS = YES_ERROR;
				CLANG_WARN_UNREACHABLE_CODE = YES;
				CLANG_WARN__DUPLICATE_METHOD_MATCH = YES;
				"CODE_SIGN_IDENTITY[sdk=iphoneos*]" = "iPhone Developer";
				COPY_PHASE_STRIP = NO;
				DEBUG_INFORMATION_FORMAT = "dwarf-with-dsym";
				ENABLE_NS_ASSERTIONS = NO;
				ENABLE_STRICT_OBJC_MSGSEND = YES;
				GCC_C_LANGUAGE_STANDARD = gnu99;
				GCC_NO_COMMON_BLOCKS = YES;
				GCC_WARN_64_TO_32_BIT_CONVERSION = YES;
				GCC_WARN_ABOUT_RETURN_TYPE = YES_ERROR;
				GCC_WARN_UNDECLARED_SELECTOR = YES;
				GCC_WARN_UNINITIALIZED_AUTOS = YES_AGGRESSIVE;
				GCC_WARN_UNUSED_FUNCTION = YES;
				GCC_WARN_UNUSED_VARIABLE = YES;
				IPHONEOS_DEPLOYMENT_TARGET = 8.3;
				MTL_ENABLE_DEBUG_INFO = NO;
				SDKROOT = iphoneos;
				TARGETED_DEVICE_FAMILY = "1,2";
				VALIDATE_PRODUCT = YES;
			};
			name = Release;
		};
		C85A3AF51B14747D00CFA3B0 /* Debug */ = {
			isa = XCBuildConfiguration;
			buildSettings = {
				ASSETCATALOG_COMPILER_APPICON_NAME = AppIcon;
				INFOPLIST_FILE = SLCalendar/Info.plist;
				IPHONEOS_DEPLOYMENT_TARGET = 7.0;
				LD_RUNPATH_SEARCH_PATHS = "$(inherited) @executable_path/Frameworks";
				PRODUCT_NAME = "$(TARGET_NAME)";
			};
			name = Debug;
		};
		C85A3AF61B14747D00CFA3B0 /* Release */ = {
			isa = XCBuildConfiguration;
			buildSettings = {
				ASSETCATALOG_COMPILER_APPICON_NAME = AppIcon;
				INFOPLIST_FILE = SLCalendar/Info.plist;
				IPHONEOS_DEPLOYMENT_TARGET = 7.0;
				LD_RUNPATH_SEARCH_PATHS = "$(inherited) @executable_path/Frameworks";
				PRODUCT_NAME = "$(TARGET_NAME)";
			};
			name = Release;
		};
		C85A3AF81B14747D00CFA3B0 /* Debug */ = {
			isa = XCBuildConfiguration;
			buildSettings = {
				BUNDLE_LOADER = "$(TEST_HOST)";
				FRAMEWORK_SEARCH_PATHS = (
					"$(SDKROOT)/Developer/Library/Frameworks",
					"$(inherited)",
				);
				GCC_PREPROCESSOR_DEFINITIONS = (
					"DEBUG=1",
					"$(inherited)",
				);
				INFOPLIST_FILE = SLCalendarTests/Info.plist;
				LD_RUNPATH_SEARCH_PATHS = "$(inherited) @executable_path/Frameworks @loader_path/Frameworks";
				PRODUCT_NAME = "$(TARGET_NAME)";
				TEST_HOST = "$(BUILT_PRODUCTS_DIR)/SLCalendar.app/SLCalendar";
			};
			name = Debug;
		};
		C85A3AF91B14747D00CFA3B0 /* Release */ = {
			isa = XCBuildConfiguration;
			buildSettings = {
				BUNDLE_LOADER = "$(TEST_HOST)";
				FRAMEWORK_SEARCH_PATHS = (
					"$(SDKROOT)/Developer/Library/Frameworks",
					"$(inherited)",
				);
				INFOPLIST_FILE = SLCalendarTests/Info.plist;
				LD_RUNPATH_SEARCH_PATHS = "$(inherited) @executable_path/Frameworks @loader_path/Frameworks";
				PRODUCT_NAME = "$(TARGET_NAME)";
				TEST_HOST = "$(BUILT_PRODUCTS_DIR)/SLCalendar.app/SLCalendar";
			};
			name = Release;
		};
/* End XCBuildConfiguration section */

/* Begin XCConfigurationList section */
		C85A3ACC1B14747D00CFA3B0 /* Build configuration list for PBXProject "SLCalendar" */ = {
			isa = XCConfigurationList;
			buildConfigurations = (
				C85A3AF21B14747D00CFA3B0 /* Debug */,
				C85A3AF31B14747D00CFA3B0 /* Release */,
			);
			defaultConfigurationIsVisible = 0;
			defaultConfigurationName = Release;
		};
		C85A3AF41B14747D00CFA3B0 /* Build configuration list for PBXNativeTarget "SLCalendar" */ = {
			isa = XCConfigurationList;
			buildConfigurations = (
				C85A3AF51B14747D00CFA3B0 /* Debug */,
				C85A3AF61B14747D00CFA3B0 /* Release */,
			);
			defaultConfigurationIsVisible = 0;
			defaultConfigurationName = Release;
		};
		C85A3AF71B14747D00CFA3B0 /* Build configuration list for PBXNativeTarget "SLCalendarTests" */ = {
			isa = XCConfigurationList;
			buildConfigurations = (
				C85A3AF81B14747D00CFA3B0 /* Debug */,
				C85A3AF91B14747D00CFA3B0 /* Release */,
			);
			defaultConfigurationIsVisible = 0;
			defaultConfigurationName = Release;
		};
/* End XCConfigurationList section */
	};
	rootObject = C85A3AC91B14747D00CFA3B0 /* Project object */;
}
